
Microsoft Visual Studio Solution File, Format Version 12.00
# Visual Studio Version 16
VisualStudioVersion = 16.0.31005.135
MinimumVisualStudioVersion = 10.0.40219.1
Project("{FAE04EC0-301F-11D3-BF4B-00C04F79EFBC}") = "IOT 1030 LAB 7 SANDEEP KAUR", "IOT 1030 LAB 7 SANDEEP KAUR.csproj", "{9319B85C-B556-4C8D-B4F4-A6FD7DAE40D7}"
EndProject
Global
	GlobalSection(SolutionConfigurationPlatforms) = preSolution
		Debug|Any CPU = Debug|Any CPU
		Release|Any CPU = Release|Any CPU
	EndGlobalSection
	GlobalSection(ProjectConfigurationPlatforms) = postSolution
		{9319B85C-B556-4C8D-B4F4-A6FD7DAE40D7}.Debug|Any CPU.ActiveCfg = Debug|Any CPU
		{9319B85C-B556-4C8D-B4F4-A6FD7DAE40D7}.Debug|Any CPU.Build.0 = Debug|Any CPU
		{9319B85C-B556-4C8D-B4F4-A6FD7DAE40D7}.Release|Any CPU.ActiveCfg = Release|Any CPU
		{9319B85C-B556-4C8D-B4F4-A6FD7DAE40D7}.Release|Any CPU.Build.0 = Release|Any CPU
	EndGlobalSection
	GlobalSection(SolutionProperties) = preSolution
		HideSolutionNode = FALSE
	EndGlobalSection
	GlobalSection(ExtensibilityGlobals) = postSolution
		SolutionGuid = {B349E650-3FD1-456A-86A8-6C2F17740432}
	EndGlobalSection
EndGlobal
